// !$*UTF8*$!
{
	archiveVersion = 1;
	classes = {
	};
	objectVersion = 46;
	objects = {

/* Begin PBXBuildFile section */
		84F2C1C2184C7AD300EB7534 /* Foundation.framework in Frameworks */ = {isa = PBXBuildFile; fileRef = 84F2C1C1184C7AD300EB7534 /* Foundation.framework */; };
		84F2C1C4184C7AD300EB7534 /* CoreGraphics.framework in Frameworks */ = {isa = PBXBuildFile; fileRef = 84F2C1C3184C7AD300EB7534 /* CoreGraphics.framework */; };
		84F2C1C6184C7AD300EB7534 /* UIKit.framework in Frameworks */ = {isa = PBXBuildFile; fileRef = 84F2C1C5184C7AD300EB7534 /* UIKit.framework */; };
		84F2C1CC184C7AD300EB7534 /* InfoPlist.strings in Resources */ = {isa = PBXBuildFile; fileRef = 84F2C1CA184C7AD300EB7534 /* InfoPlist.strings */; };
		84F2C1CE184C7AD300EB7534 /* main.m in Sources */ = {isa = PBXBuildFile; fileRef = 84F2C1CD184C7AD300EB7534 /* main.m */; };
		84F2C1D2184C7AD300EB7534 /* AppDelegate.m in Sources */ = {isa = PBXBuildFile; fileRef = 84F2C1D1184C7AD300EB7534 /* AppDelegate.m */; };
		84F2C1D5184C7AD300EB7534 /* Main_iPhone.storyboard in Resources */ = {isa = PBXBuildFile; fileRef = 84F2C1D3184C7AD300EB7534 /* Main_iPhone.storyboard */; };
		84F2C1D8184C7AD300EB7534 /* Main_iPad.storyboard in Resources */ = {isa = PBXBuildFile; fileRef = 84F2C1D6184C7AD300EB7534 /* Main_iPad.storyboard */; };
		84F2C1DB184C7AD300EB7534 /* ViewController.m in Sources */ = {isa = PBXBuildFile; fileRef = 84F2C1DA184C7AD300EB7534 /* ViewController.m */; };
		84F2C1DD184C7AD300EB7534 /* Images.xcassets in Resources */ = {isa = PBXBuildFile; fileRef = 84F2C1DC184C7AD300EB7534 /* Images.xcassets */; };
		84F2C1E4184C7AD300EB7534 /* XCTest.framework in Frameworks */ = {isa = PBXBuildFile; fileRef = 84F2C1E3184C7AD300EB7534 /* XCTest.framework */; };
		84F2C1E5184C7AD300EB7534 /* Foundation.framework in Frameworks */ = {isa = PBXBuildFile; fileRef = 84F2C1C1184C7AD300EB7534 /* Foundation.framework */; };
		84F2C1E6184C7AD300EB7534 /* UIKit.framework in Frameworks */ = {isa = PBXBuildFile; fileRef = 84F2C1C5184C7AD300EB7534 /* UIKit.framework */; };
		84F2C1EE184C7AD400EB7534 /* InfoPlist.strings in Resources */ = {isa = PBXBuildFile; fileRef = 84F2C1EC184C7AD400EB7534 /* InfoPlist.strings */; };
		84F2C1F0184C7AD400EB7534 /* R_JSONTests.m in Sources */ = {isa = PBXBuildFile; fileRef = 84F2C1EF184C7AD400EB7534 /* R_JSONTests.m */; };
/* End PBXBuildFile section */

/* Begin PBXContainerItemProxy section */
		84F2C1E7184C7AD400EB7534 /* PBXContainerItemProxy */ = {
			isa = PBXContainerItemProxy;
			containerPortal = 84F2C1B6184C7AD300EB7534 /* Project object */;
			proxyType = 1;
			remoteGlobalIDString = 84F2C1BD184C7AD300EB7534;
			remoteInfo = R_JSON;
		};
/* End PBXContainerItemProxy section */

/* Begin PBXFileReference section */
		84F2C1BE184C7AD300EB7534 /* R_JSON.app */ = {isa = PBXFileReference; explicitFileType = wrapper.application; includeInIndex = 0; path = R_JSON.app; sourceTree = BUILT_PRODUCTS_DIR; };
		84F2C1C1184C7AD300EB7534 /* Foundation.framework */ = {isa = PBXFileReference; lastKnownFileType = wrapper.framework; name = Foundation.framework; path = System/Library/Frameworks/Foundation.framework; sourceTree = SDKROOT; };
		84F2C1C3184C7AD300EB7534 /* CoreGraphics.framework */ = {isa = PBXFileReference; lastKnownFileType = wrapper.framework; name = CoreGraphics.framework; path = System/Library/Frameworks/CoreGraphics.framework; sourceTree = SDKROOT; };
		84F2C1C5184C7AD300EB7534 /* UIKit.framework */ = {isa = PBXFileReference; lastKnownFileType = wrapper.framework; name = UIKit.framework; path = System/Library/Frameworks/UIKit.framework; sourceTree = SDKROOT; };
		84F2C1C9184C7AD300EB7534 /* R_JSON-Info.plist */ = {isa = PBXFileReference; lastKnownFileType = text.plist.xml; path = "R_JSON-Info.plist"; sourceTree = "<group>"; };
		84F2C1CB184C7AD300EB7534 /* en */ = {isa = PBXFileReference; lastKnownFileType = text.plist.strings; name = en; path = en.lproj/InfoPlist.strings; sourceTree = "<group>"; };
		84F2C1CD184C7AD300EB7534 /* main.m */ = {isa = PBXFileReference; lastKnownFileType = sourcecode.c.objc; path = main.m; sourceTree = "<group>"; };
		84F2C1CF184C7AD300EB7534 /* R_JSON-Prefix.pch */ = {isa = PBXFileReference; lastKnownFileType = sourcecode.c.h; path = "R_JSON-Prefix.pch"; sourceTree = "<group>"; };
		84F2C1D0184C7AD300EB7534 /* AppDelegate.h */ = {isa = PBXFileReference; lastKnownFileType = sourcecode.c.h; path = AppDelegate.h; sourceTree = "<group>"; };
		84F2C1D1184C7AD300EB7534 /* AppDelegate.m */ = {isa = PBXFileReference; lastKnownFileType = sourcecode.c.objc; path = AppDelegate.m; sourceTree = "<group>"; };
		84F2C1D4184C7AD300EB7534 /* Base */ = {isa = PBXFileReference; lastKnownFileType = file.storyboard; name = Base; path = Base.lproj/Main_iPhone.storyboard; sourceTree = "<group>"; };
		84F2C1D7184C7AD300EB7534 /* Base */ = {isa = PBXFileReference; lastKnownFileType = file.storyboard; name = Base; path = Base.lproj/Main_iPad.storyboard; sourceTree = "<group>"; };
		84F2C1D9184C7AD300EB7534 /* ViewController.h */ = {isa = PBXFileReference; lastKnownFileType = sourcecode.c.h; path = ViewController.h; sourceTree = "<group>"; };
		84F2C1DA184C7AD300EB7534 /* ViewController.m */ = {isa = PBXFileReference; lastKnownFileType = sourcecode.c.objc; path = ViewController.m; sourceTree = "<group>"; };
		84F2C1DC184C7AD300EB7534 /* Images.xcassets */ = {isa = PBXFileReference; lastKnownFileType = folder.assetcatalog; path = Images.xcassets; sourceTree = "<group>"; };
		84F2C1E2184C7AD300EB7534 /* R_JSONTests.xctest */ = {isa = PBXFileReference; explicitFileType = wrapper.cfbundle; includeInIndex = 0; path = R_JSONTests.xctest; sourceTree = BUILT_PRODUCTS_DIR; };
		84F2C1E3184C7AD300EB7534 /* XCTest.framework */ = {isa = PBXFileReference; lastKnownFileType = wrapper.framework; name = XCTest.framework; path = Library/Frameworks/XCTest.framework; sourceTree = DEVELOPER_DIR; };
		84F2C1EB184C7AD400EB7534 /* R_JSONTests-Info.plist */ = {isa = PBXFileReference; lastKnownFileType = text.plist.xml; path = "R_JSONTests-Info.plist"; sourceTree = "<group>"; };
		84F2C1ED184C7AD400EB7534 /* en */ = {isa = PBXFileReference; lastKnownFileType = text.plist.strings; name = en; path = en.lproj/InfoPlist.strings; sourceTree = "<group>"; };
		84F2C1EF184C7AD400EB7534 /* R_JSONTests.m */ = {isa = PBXFileReference; lastKnownFileType = sourcecode.c.objc; path = R_JSONTests.m; sourceTree = "<group>"; };
/* End PBXFileReference section */

/* Begin PBXFrameworksBuildPhase section */
		84F2C1BB184C7AD300EB7534 /* Frameworks */ = {
			isa = PBXFrameworksBuildPhase;
			buildActionMask = 2147483647;
			files = (
				84F2C1C4184C7AD300EB7534 /* CoreGraphics.framework in Frameworks */,
				84F2C1C6184C7AD300EB7534 /* UIKit.framework in Frameworks */,
				84F2C1C2184C7AD300EB7534 /* Foundation.framework in Frameworks */,
			);
			runOnlyForDeploymentPostprocessing = 0;
		};
		84F2C1DF184C7AD300EB7534 /* Frameworks */ = {
			isa = PBXFrameworksBuildPhase;
			buildActionMask = 2147483647;
			files = (
				84F2C1E4184C7AD300EB7534 /* XCTest.framework in Frameworks */,
				84F2C1E6184C7AD300EB7534 /* UIKit.framework in Frameworks */,
				84F2C1E5184C7AD300EB7534 /* Foundation.framework in Frameworks */,
			);
			runOnlyForDeploymentPostprocessing = 0;
		};
/* End PBXFrameworksBuildPhase section */

/* Begin PBXGroup section */
		84F2C1B5184C7AD300EB7534 = {
			isa = PBXGroup;
			children = (
				84F2C1C7184C7AD300EB7534 /* R_JSON */,
				84F2C1E9184C7AD400EB7534 /* R_JSONTests */,
				84F2C1C0184C7AD300EB7534 /* Frameworks */,
				84F2C1BF184C7AD300EB7534 /* Products */,
			);
			sourceTree = "<group>";
		};
		84F2C1BF184C7AD300EB7534 /* Products */ = {
			isa = PBXGroup;
			children = (
				84F2C1BE184C7AD300EB7534 /* R_JSON.app */,
				84F2C1E2184C7AD300EB7534 /* R_JSONTests.xctest */,
			);
			name = Products;
			sourceTree = "<group>";
		};
		84F2C1C0184C7AD300EB7534 /* Frameworks */ = {
			isa = PBXGroup;
			children = (
				84F2C1C1184C7AD300EB7534 /* Foundation.framework */,
				84F2C1C3184C7AD300EB7534 /* CoreGraphics.framework */,
				84F2C1C5184C7AD300EB7534 /* UIKit.framework */,
				84F2C1E3184C7AD300EB7534 /* XCTest.framework */,
			);
			name = Frameworks;
			sourceTree = "<group>";
		};
		84F2C1C7184C7AD300EB7534 /* R_JSON */ = {
			isa = PBXGroup;
			children = (
				84F2C1D0184C7AD300EB7534 /* AppDelegate.h */,
				84F2C1D1184C7AD300EB7534 /* AppDelegate.m */,
				84F2C1D3184C7AD300EB7534 /* Main_iPhone.storyboard */,
				84F2C1D6184C7AD300EB7534 /* Main_iPad.storyboard */,
				84F2C1D9184C7AD300EB7534 /* ViewController.h */,
				84F2C1DA184C7AD300EB7534 /* ViewController.m */,
				84F2C1DC184C7AD300EB7534 /* Images.xcassets */,
				84F2C1C8184C7AD300EB7534 /* Supporting Files */,
			);
			path = R_JSON;
			sourceTree = "<group>";
		};
		84F2C1C8184C7AD300EB7534 /* Supporting Files */ = {
			isa = PBXGroup;
			children = (
				84F2C1C9184C7AD300EB7534 /* R_JSON-Info.plist */,
				84F2C1CA184C7AD300EB7534 /* InfoPlist.strings */,
				84F2C1CD184C7AD300EB7534 /* main.m */,
				84F2C1CF184C7AD300EB7534 /* R_JSON-Prefix.pch */,
			);
			name = "Supporting Files";
			sourceTree = "<group>";
		};
		84F2C1E9184C7AD400EB7534 /* R_JSONTests */ = {
			isa = PBXGroup;
			children = (
				84F2C1EF184C7AD400EB7534 /* R_JSONTests.m */,
				84F2C1EA184C7AD400EB7534 /* Supporting Files */,
			);
			path = R_JSONTests;
			sourceTree = "<group>";
		};
		84F2C1EA184C7AD400EB7534 /* Supporting Files */ = {
			isa = PBXGroup;
			children = (
				84F2C1EB184C7AD400EB7534 /* R_JSONTests-Info.plist */,
				84F2C1EC184C7AD400EB7534 /* InfoPlist.strings */,
			);
			name = "Supporting Files";
			sourceTree = "<group>";
		};
/* End PBXGroup section */

/* Begin PBXNativeTarget section */
		84F2C1BD184C7AD300EB7534 /* R_JSON */ = {
			isa = PBXNativeTarget;
			buildConfigurationList = 84F2C1F3184C7AD400EB7534 /* Build configuration list for PBXNativeTarget "R_JSON" */;
			buildPhases = (
				84F2C1BA184C7AD300EB7534 /* Sources */,
				84F2C1BB184C7AD300EB7534 /* Frameworks */,
				84F2C1BC184C7AD300EB7534 /* Resources */,
			);
			buildRules = (
			);
			dependencies = (
			);
			name = R_JSON;
			productName = R_JSON;
			productReference = 84F2C1BE184C7AD300EB7534 /* R_JSON.app */;
			productType = "com.apple.product-type.application";
		};
		84F2C1E1184C7AD300EB7534 /* R_JSONTests */ = {
			isa = PBXNativeTarget;
			buildConfigurationList = 84F2C1F6184C7AD400EB7534 /* Build configuration list for PBXNativeTarget "R_JSONTests" */;
			buildPhases = (
				84F2C1DE184C7AD300EB7534 /* Sources */,
				84F2C1DF184C7AD300EB7534 /* Frameworks */,
				84F2C1E0184C7AD300EB7534 /* Resources */,
			);
			buildRules = (
			);
			dependencies = (
				84F2C1E8184C7AD400EB7534 /* PBXTargetDependency */,
			);
			name = R_JSONTests;
			productName = R_JSONTests;
			productReference = 84F2C1E2184C7AD300EB7534 /* R_JSONTests.xctest */;
			productType = "com.apple.product-type.bundle.unit-test";
		};
/* End PBXNativeTarget section */

/* Begin PBXProject section */
		84F2C1B6184C7AD300EB7534 /* Project object */ = {
			isa = PBXProject;
			attributes = {
				LastUpgradeCheck = 0500;
				ORGANIZATIONNAME = RocKK;
				TargetAttributes = {
					84F2C1E1184C7AD300EB7534 = {
						TestTargetID = 84F2C1BD184C7AD300EB7534;
					};
				};
			};
			buildConfigurationList = 84F2C1B9184C7AD300EB7534 /* Build configuration list for PBXProject "R_JSON" */;
			compatibilityVersion = "Xcode 3.2";
			developmentRegion = English;
			hasScannedForEncodings = 0;
			knownRegions = (
				en,
				Base,
			);
			mainGroup = 84F2C1B5184C7AD300EB7534;
			productRefGroup = 84F2C1BF184C7AD300EB7534 /* Products */;
			projectDirPath = "";
			projectRoot = "";
			targets = (
				84F2C1BD184C7AD300EB7534 /* R_JSON */,
				84F2C1E1184C7AD300EB7534 /* R_JSONTests */,
			);
		};
/* End PBXProject section */

/* Begin PBXResourcesBuildPhase section */
		84F2C1BC184C7AD300EB7534 /* Resources */ = {
			isa = PBXResourcesBuildPhase;
			buildActionMask = 2147483647;
			files = (
				84F2C1D8184C7AD300EB7534 /* Main_iPad.storyboard in Resources */,
				84F2C1DD184C7AD300EB7534 /* Images.xcassets in Resources */,
				84F2C1D5184C7AD300EB7534 /* Main_iPhone.storyboard in Resources */,
				84F2C1CC184C7AD300EB7534 /* InfoPlist.strings in Resources */,
			);
			runOnlyForDeploymentPostprocessing = 0;
		};
		84F2C1E0184C7AD300EB7534 /* Resources */ = {
			isa = PBXResourcesBuildPhase;
			buildActionMask = 2147483647;
			files = (
				84F2C1EE184C7AD400EB7534 /* InfoPlist.strings in Resources */,
			);
			runOnlyForDeploymentPostprocessing = 0;
		};
/* End PBXResourcesBuildPhase section */

/* Begin PBXSourcesBuildPhase section */
		84F2C1BA184C7AD300EB7534 /* Sources */ = {
			isa = PBXSourcesBuildPhase;
			buildActionMask = 2147483647;
			files = (
				84F2C1DB184C7AD300EB7534 /* ViewController.m in Sources */,
				84F2C1D2184C7AD300EB7534 /* AppDelegate.m in Sources */,
				84F2C1CE184C7AD300EB7534 /* main.m in Sources */,
			);
			runOnlyForDeploymentPostprocessing = 0;
		};
		84F2C1DE184C7AD300EB7534 /* Sources */ = {
			isa = PBXSourcesBuildPhase;
			buildActionMask = 2147483647;
			files = (
				84F2C1F0184C7AD400EB7534 /* R_JSONTests.m in Sources */,
			);
			runOnlyForDeploymentPostprocessing = 0;
		};
/* End PBXSourcesBuildPhase section */

/* Begin PBXTargetDependency section */
		84F2C1E8184C7AD400EB7534 /* PBXTargetDependency */ = {
			isa = PBXTargetDependency;
			target = 84F2C1BD184C7AD300EB7534 /* R_JSON */;
			targetProxy = 84F2C1E7184C7AD400EB7534 /* PBXContainerItemProxy */;
		};
/* End PBXTargetDependency section */

/* Begin PBXVariantGroup section */
		84F2C1CA184C7AD300EB7534 /* InfoPlist.strings */ = {
			isa = PBXVariantGroup;
			children = (
				84F2C1CB184C7AD300EB7534 /* en */,
			);
			name = InfoPlist.strings;
			sourceTree = "<group>";
		};
		84F2C1D3184C7AD300EB7534 /* Main_iPhone.storyboard */ = {
			isa = PBXVariantGroup;
			children = (
				84F2C1D4184C7AD300EB7534 /* Base */,
			);
			name = Main_iPhone.storyboard;
			sourceTree = "<group>";
		};
		84F2C1D6184C7AD300EB7534 /* Main_iPad.storyboard */ = {
			isa = PBXVariantGroup;
			children = (
				84F2C1D7184C7AD300EB7534 /* Base */,
			);
			name = Main_iPad.storyboard;
			sourceTree = "<group>";
		};
		84F2C1EC184C7AD400EB7534 /* InfoPlist.strings */ = {
			isa = PBXVariantGroup;
			children = (
				84F2C1ED184C7AD400EB7534 /* en */,
			);
			name = InfoPlist.strings;
			sourceTree = "<group>";
		};
/* End PBXVariantGroup section */

/* Begin XCBuildConfiguration section */
		84F2C1F1184C7AD400EB7534 /* Debug */ = {
			isa = XCBuildConfiguration;
			buildSettings = {
				ALWAYS_SEARCH_USER_PATHS = NO;
				ARCHS = "$(ARCHS_STANDARD_INCLUDING_64_BIT)";
				CLANG_CXX_LANGUAGE_STANDARD = "gnu++0x";
				CLANG_CXX_LIBRARY = "libc++";
				CLANG_ENABLE_MODULES = YES;
				CLANG_ENABLE_OBJC_ARC = YES;
				CLANG_WARN_BOOL_CONVERSION = YES;
				CLANG_WARN_CONSTANT_CONVERSION = YES;
				CLANG_WARN_DIRECT_OBJC_ISA_USAGE = YES_ERROR;
				CLANG_WARN_EMPTY_BODY = YES;
				CLANG_WARN_ENUM_CONVERSION = YES;
				CLANG_WARN_INT_CONVERSION = YES;
				CLANG_WARN_OBJC_ROOT_CLASS = YES_ERROR;
				CLANG_WARN__DUPLICATE_METHOD_MATCH = YES;
				"CODE_SIGN_IDENTITY[sdk=iphoneos*]" = "iPhone Developer";
				COPY_PHASE_STRIP = NO;
				GCC_C_LANGUAGE_STANDARD = gnu99;
				GCC_DYNAMIC_NO_PIC = NO;
				GCC_OPTIMIZATION_LEVEL = 0;
				GCC_PREPROCESSOR_DEFINITIONS = (
					"DEBUG=1",
					"$(inherited)",
				);
				GCC_SYMBOLS_PRIVATE_EXTERN = NO;
				GCC_WARN_64_TO_32_BIT_CONVERSION = YES;
				GCC_WARN_ABOUT_RETURN_TYPE = YES_ERROR;
				GCC_WARN_UNDECLARED_SELECTOR = YES;
				GCC_WARN_UNINITIALIZED_AUTOS = YES;
				GCC_WARN_UNUSED_FUNCTION = YES;
				GCC_WARN_UNUSED_VARIABLE = YES;
				IPHONEOS_DEPLOYMENT_TARGET = 7.0;
				ONLY_ACTIVE_ARCH = YES;
				SDKROOT = iphoneos;
				TARGETED_DEVICE_FAMILY = "1,2";
			};
			name = Debug;
		};
		84F2C1F2184C7AD400EB7534 /* Release */ = {
			isa = XCBuildConfiguration;
			buildSettings = {
				ALWAYS_SEARCH_USER_PATHS = NO;
				ARCHS = "$(ARCHS_STANDARD_INCLUDING_64_BIT)";
				CLANG_CXX_LANGUAGE_STANDARD = "gnu++0x";
				CLANG_CXX_LIBRARY = "libc++";
				CLANG_ENABLE_MODULES = YES;
				CLANG_ENABLE_OBJC_ARC = YES;
				CLANG_WARN_BOOL_CONVERSION = YES;
				CLANG_WARN_CONSTANT_CONVERSION = YES;
				CLANG_WARN_DIRECT_OBJC_ISA_USAGE = YES_ERROR;
				CLANG_WARN_EMPTY_BODY = YES;
				CLANG_WARN_ENUM_CONVERSION = YES;
				CLANG_WARN_INT_CONVERSION = YES;
				CLANG_WARN_OBJC_ROOT_CLASS = YES_ERROR;
				CLANG_WARN__DUPLICATE_METHOD_MATCH = YES;
				"CODE_SIGN_IDENTITY[sdk=iphoneos*]" = "iPhone Developer";
				COPY_PHASE_STRIP = YES;
				ENABLE_NS_ASSERTIONS = NO;
				GCC_C_LANGUAGE_STANDARD = gnu99;
				GCC_WARN_64_TO_32_BIT_CONVERSION = YES;
				GCC_WARN_ABOUT_RETURN_TYPE = YES_ERROR;
				GCC_WARN_UNDECLARED_SELECTOR = YES;
				GCC_WARN_UNINITIALIZED_AUTOS = YES;
				GCC_WARN_UNUSED_FUNCTION = YES;
				GCC_WARN_UNUSED_VARIABLE = YES;
				IPHONEOS_DEPLOYMENT_TARGET = 7.0;
				SDKROOT = iphoneos;
				TARGETED_DEVICE_FAMILY = "1,2";
				VALIDATE_PRODUCT = YES;
			};
			name = Release;
		};
		84F2C1F4184C7AD400EB7534 /* Debug */ = {
			isa = XCBuildConfiguration;
			buildSettings = {
				ASSETCATALOG_COMPILER_APPICON_NAME = AppIcon;
				ASSETCATALOG_COMPILER_LAUNCHIMAGE_NAME = LaunchImage;
				GCC_PRECOMPILE_PREFIX_HEADER = YES;
				GCC_PREFIX_HEADER = "R_JSON/R_JSON-Prefix.pch";
				INFOPLIST_FILE = "R_JSON/R_JSON-Info.plist";
				PRODUCT_NAME = "$(TARGET_NAME)";
				WRAPPER_EXTENSION = app;
			};
			name = Debug;
		};
		84F2C1F5184C7AD400EB7534 /* Release */ = {
			isa = XCBuildConfiguration;
			buildSettings = {
				ASSETCATALOG_COMPILER_APPICON_NAME = AppIcon;
				ASSETCATALOG_COMPILER_LAUNCHIMAGE_NAME = LaunchImage;
				GCC_PRECOMPILE_PREFIX_HEADER = YES;
				GCC_PREFIX_HEADER = "R_JSON/R_JSON-Prefix.pch";
				INFOPLIST_FILE = "R_JSON/R_JSON-Info.plist";
				PRODUCT_NAME = "$(TARGET_NAME)";
				WRAPPER_EXTENSION = app;
			};
			name = Release;
		};
		84F2C1F7184C7AD400EB7534 /* Debug */ = {
			isa = XCBuildConfiguration;
			buildSettings = {
				ARCHS = "$(ARCHS_STANDARD_INCLUDING_64_BIT)";
				BUNDLE_LOADER = "$(BUILT_PRODUCTS_DIR)/R_JSON.app/R_JSON";
				FRAMEWORK_SEARCH_PATHS = (
					"$(SDKROOT)/Developer/Library/Frameworks",
					"$(inherited)",
					"$(DEVELOPER_FRAMEWORKS_DIR)",
				);
				GCC_PRECOMPILE_PREFIX_HEADER = YES;
				GCC_PREFIX_HEADER = "R_JSON/R_JSON-Prefix.pch";
				GCC_PREPROCESSOR_DEFINITIONS = (
					"DEBUG=1",
					"$(inherited)",
				);
				INFOPLIST_FILE = "R_JSONTests/R_JSONTests-Info.plist";
				PRODUCT_NAME = "$(TARGET_NAME)";
				TEST_HOST = "$(BUNDLE_LOADER)";
				WRAPPER_EXTENSION = xctest;
			};
			name = Debug;
		};
		84F2C1F8184C7AD400EB7534 /* Release */ = {
			isa = XCBuildConfiguration;
			buildSettings = {
				ARCHS = "$(ARCHS_STANDARD_INCLUDING_64_BIT)";
				BUNDLE_LOADER = "$(BUILT_PRODUCTS_DIR)/R_JSON.app/R_JSON";
				FRAMEWORK_SEARCH_PATHS = (
					"$(SDKROOT)/Developer/Library/Frameworks",
					"$(inherited)",
					"$(DEVELOPER_FRAMEWORKS_DIR)",
				);
				GCC_PRECOMPILE_PREFIX_HEADER = YES;
				GCC_PREFIX_HEADER = "R_JSON/R_JSON-Prefix.pch";
				INFOPLIST_FILE = "R_JSONTests/R_JSONTests-Info.plist";
				PRODUCT_NAME = "$(TARGET_NAME)";
				TEST_HOST = "$(BUNDLE_LOADER)";
				WRAPPER_EXTENSION = xctest;
			};
			name = Release;
		};
/* End XCBuildConfiguration section */

/* Begin XCConfigurationList section */
		84F2C1B9184C7AD300EB7534 /* Build configuration list for PBXProject "R_JSON" */ = {
			isa = XCConfigurationList;
			buildConfigurations = (
				84F2C1F1184C7AD400EB7534 /* Debug */,
				84F2C1F2184C7AD400EB7534 /* Release */,
			);
			defaultConfigurationIsVisible = 0;
			defaultConfigurationName = Release;
		};
		84F2C1F3184C7AD400EB7534 /* Build configuration list for PBXNativeTarget "R_JSON" */ = {
			isa = XCConfigurationList;
			buildConfigurations = (
				84F2C1F4184C7AD400EB7534 /* Debug */,
				84F2C1F5184C7AD400EB7534 /* Release */,
			);
			defaultConfigurationIsVisible = 0;
		};
		84F2C1F6184C7AD400EB7534 /* Build configuration list for PBXNativeTarget "R_JSONTests" */ = {
			isa = XCConfigurationList;
			buildConfigurations = (
				84F2C1F7184C7AD400EB7534 /* Debug */,
				84F2C1F8184C7AD400EB7534 /* Release */,
			);
			defaultConfigurationIsVisible = 0;
		};
/* End XCConfigurationList section */
	};
	rootObject = 84F2C1B6184C7AD300EB7534 /* Project object */;
}
